{
  "name": "apntest",
  "version": "1.0.0",
  "lockfileVersion": 2,
  "requires": true,
  "packages": {
    "": {
      "version": "1.0.0",
      "license": "ISC",
      "dependencies": {
        "apn": "^1.6.2"
      }
    },
    "node_modules/apn": {
      "version": "1.6.2",
      "resolved": "https://registry.npmjs.org/apn/-/apn-1.6.2.tgz",
      "integrity": "sha1-wHTUEiC9t+ahlQIHXU/roZaDg/M=",
      "dependencies": {
        "q": "1.x"
      },
      "engines": {
        "node": ">= 0.6.14"
      }
    },
    "node_modules/q": {
      "version": "1.5.1",
      "resolved": "https://registry.npmjs.org/q/-/q-1.5.1.tgz",
      "integrity": "sha1-fjL3W0E4EpHQRhHxvxQQmsAGUdc=",
      "engines": {
        "node": ">=0.6.0",
        "teleport": ">=0.2.0"
      }
    }
  },
  "dependencies": {
    "apn": {
      "version": "1.6.2",
      "resolved": "https://registry.npmjs.org/apn/-/apn-1.6.2.tgz",
      "integrity": "sha1-wHTUEiC9t+ahlQIHXU/roZaDg/M=",
      "requires": {
        "q": "1.x"
      }
    },
    "q": {
      "version": "1.5.1",
      "resolved": "https://registry.npmjs.org/q/-/q-1.5.1.tgz",
      "integrity": "sha1-fjL3W0E4EpHQRhHxvxQQmsAGUdc="
    }
  }
}
